
Microsoft Visual Studio Solution File, Format Version 12.00
# Visual Studio Version 16
VisualStudioVersion = 16.0.31205.134
MinimumVisualStudioVersion = 10.0.40219.1
Project("{FAE04EC0-301F-11D3-BF4B-00C04F79EFBC}") = "NMD1721050392", "NMD1721050392\NMD1721050392.csproj", "{B7ECFB60-D1EF-4990-AE54-546EDB9AF62E}"
EndProject
Global
	GlobalSection(SolutionConfigurationPlatforms) = preSolution
		Debug|Any CPU = Debug|Any CPU
		Release|Any CPU = Release|Any CPU
	EndGlobalSection
	GlobalSection(ProjectConfigurationPlatforms) = postSolution
		{B7ECFB60-D1EF-4990-AE54-546EDB9AF62E}.Debug|Any CPU.ActiveCfg = Debug|Any CPU
		{B7ECFB60-D1EF-4990-AE54-546EDB9AF62E}.Debug|Any CPU.Build.0 = Debug|Any CPU
		{B7ECFB60-D1EF-4990-AE54-546EDB9AF62E}.Release|Any CPU.ActiveCfg = Release|Any CPU
		{B7ECFB60-D1EF-4990-AE54-546EDB9AF62E}.Release|Any CPU.Build.0 = Release|Any CPU
	EndGlobalSection
	GlobalSection(SolutionProperties) = preSolution
		HideSolutionNode = FALSE
	EndGlobalSection
	GlobalSection(ExtensibilityGlobals) = postSolution
		SolutionGuid = {60344814-B739-497B-9E30-7B557B08E880}
	EndGlobalSection
EndGlobal
